
Microsoft Visual Studio Solution File, Format Version 12.00
# Visual Studio Version 17
VisualStudioVersion = 17.6.33801.468
MinimumVisualStudioVersion = 10.0.40219.1
Project("{FAE04EC0-301F-11D3-BF4B-00C04F79EFBC}") = "JSON-Schema-Test", "JSON-Schema-Test.csproj", "{7D08EF7F-F845-4F3F-A88F-D1628ECA5187}"
EndProject
Global
	GlobalSection(SolutionConfigurationPlatforms) = preSolution
		Debug|Any CPU = Debug|Any CPU
		Release|Any CPU = Release|Any CPU
	EndGlobalSection
	GlobalSection(ProjectConfigurationPlatforms) = postSolution
		{7D08EF7F-F845-4F3F-A88F-D1628ECA5187}.Debug|Any CPU.ActiveCfg = Debug|Any CPU
		{7D08EF7F-F845-4F3F-A88F-D1628ECA5187}.Debug|Any CPU.Build.0 = Debug|Any CPU
		{7D08EF7F-F845-4F3F-A88F-D1628ECA5187}.Release|Any CPU.ActiveCfg = Release|Any CPU
		{7D08EF7F-F845-4F3F-A88F-D1628ECA5187}.Release|Any CPU.Build.0 = Release|Any CPU
	EndGlobalSection
	GlobalSection(SolutionProperties) = preSolution
		HideSolutionNode = FALSE
	EndGlobalSection
	GlobalSection(ExtensibilityGlobals) = postSolution
		SolutionGuid = {C7DB02CE-2FEB-42E8-B17D-62E722996E12}
	EndGlobalSection
EndGlobal
